{
  "nodes": {
    "dotfiles": {
      "flake": false,
      "locked": {
        "lastModified": 1772542144,
        "narHash": "sha256-L9B0PyaJJNB9CLCtXGPFDLVm9iNV0Js5j1XTWinLq88=",
        "ref": "refs/heads/main",
        "rev": "4337562bc1fedb7b704d84557326117a30d95965",
        "revCount": 33,
        "type": "git",
        "url": "https://github.com/deathkillerlol123/dotfilev1.git"
      },
      "original": {
        "type": "git",
        "url": "https://github.com/deathkillerlol123/dotfilev1.git"
      }
    },
    "home-manager": {
      "inputs": {
        "nixpkgs": [
          "nixpkgs"
        ]
      },
      "locked": {
        "lastModified": 1772516620,
        "narHash": "sha256-2r4cKdqCVlQkvcTcLUMxmsmAYZZxCMd//w/PnDnukTE=",
        "owner": "nix-community",
        "repo": "home-manager",
        "rev": "2b9504d5a0169d4940a312abe2df2c5658db8de9",
        "type": "github"
      },
      "original": {
        "owner": "nix-community",
        "repo": "home-manager",
        "type": "github"
      }
    },
    "nixos-grub-themes": {
      "inputs": {
        "nixpkgs": "nixpkgs"
      },
      "locked": {
        "lastModified": 1769794759,
        "narHash": "sha256-1doG74WkbtUpawduk9f8szyzWsw3Liblrh2z+2jQnw4=",
        "owner": "jeslie0",
        "repo": "nixos-grub-themes",
        "rev": "5e75f9b3ea9061dca6c53d34e166e08bf9ebc7c7",
        "type": "github"
      },
      "original": {
        "owner": "jeslie0",
        "repo": "nixos-grub-themes",
        "type": "github"
      }
    },
    "nixpkgs": {
      "locked": {
        "lastModified": 1702151865,
        "narHash": "sha256-9VAt19t6yQa7pHZLDbil/QctAgVsA66DLnzdRGqDisg=",
        "owner": "nixos",
        "repo": "nixpkgs",
        "rev": "666fc80e7b2afb570462423cb0e1cf1a3a34fedd",
        "type": "github"
      },
      "original": {
        "owner": "nixos",
        "ref": "nixos-unstable",
        "repo": "nixpkgs",
        "type": "github"
      }
    },
    "nixpkgs_2": {
      "locked": {
        "lastModified": 1772433332,
        "narHash": "sha256-izhTDFKsg6KeVBxJS9EblGeQ8y+O8eCa6RcW874vxEc=",
        "owner": "nixos",
        "repo": "nixpkgs",
        "rev": "cf59864ef8aa2e178cccedbe2c178185b0365705",
        "type": "github"
      },
      "original": {
        "owner": "nixos",
        "ref": "nixos-unstable",
        "repo": "nixpkgs",
        "type": "github"
      }
    },
    "root": {
      "inputs": {
        "dotfiles": "dotfiles",
        "home-manager": "home-manager",
        "nixos-grub-themes": "nixos-grub-themes",
        "nixpkgs": "nixpkgs_2"
      }
    }
  },
  "root": "root",
  "version": 7
}
